
Microsoft Visual Studio Solution File, Format Version 12.00
# Visual Studio Version 17
VisualStudioVersion = 17.13.35828.75
MinimumVisualStudioVersion = 10.0.40219.1
Project("{FAE04EC0-301F-11D3-BF4B-00C04F79EFBC}") = "BSIT_Pauly", "BSIT_Pauly.csproj", "{231CDCA8-AA5E-4D26-8096-2B7A8F346101}"
EndProject
Project("{FAE04EC0-301F-11D3-BF4B-00C04F79EFBC}") = "BSIT_Pauly.BusLogic", "..\BSIT_Pauly.BusLogic\BSIT_Pauly.BusLogic.csproj", "{31D30CE4-1EAC-4FD4-9AB9-C0F3DB693C7E}"
EndProject
Global
	GlobalSection(SolutionConfigurationPlatforms) = preSolution
		Debug|Any CPU = Debug|Any CPU
		Release|Any CPU = Release|Any CPU
	EndGlobalSection
	GlobalSection(ProjectConfigurationPlatforms) = postSolution
		{231CDCA8-AA5E-4D26-8096-2B7A8F346101}.Debug|Any CPU.ActiveCfg = Debug|Any CPU
		{231CDCA8-AA5E-4D26-8096-2B7A8F346101}.Debug|Any CPU.Build.0 = Debug|Any CPU
		{231CDCA8-AA5E-4D26-8096-2B7A8F346101}.Release|Any CPU.ActiveCfg = Release|Any CPU
		{231CDCA8-AA5E-4D26-8096-2B7A8F346101}.Release|Any CPU.Build.0 = Release|Any CPU
		{31D30CE4-1EAC-4FD4-9AB9-C0F3DB693C7E}.Debug|Any CPU.ActiveCfg = Debug|Any CPU
		{31D30CE4-1EAC-4FD4-9AB9-C0F3DB693C7E}.Debug|Any CPU.Build.0 = Debug|Any CPU
		{31D30CE4-1EAC-4FD4-9AB9-C0F3DB693C7E}.Release|Any CPU.ActiveCfg = Release|Any CPU
		{31D30CE4-1EAC-4FD4-9AB9-C0F3DB693C7E}.Release|Any CPU.Build.0 = Release|Any CPU
	EndGlobalSection
	GlobalSection(SolutionProperties) = preSolution
		HideSolutionNode = FALSE
	EndGlobalSection
	GlobalSection(ExtensibilityGlobals) = postSolution
		SolutionGuid = {C956F1B5-BF47-4A6F-BFFF-F162091EEFAD}
	EndGlobalSection
EndGlobal
